
Microsoft Visual Studio Solution File, Format Version 12.00
# Visual Studio Version 17
VisualStudioVersion = 17.11.35327.3
MinimumVisualStudioVersion = 10.0.40219.1
Project("{FAE04EC0-301F-11D3-BF4B-00C04F79EFBC}") = "Week6StringsAndArrays", "Week6StringsAndArrays\Week6StringsAndArrays.csproj", "{5E1947A3-A8E9-4B6C-BC45-E47A15211492}"
EndProject
Project("{FAE04EC0-301F-11D3-BF4B-00C04F79EFBC}") = "Arrays", "Arrays\Arrays.csproj", "{4266869E-4724-4048-9C7F-06C3BBAACAB7}"
EndProject
Project("{FAE04EC0-301F-11D3-BF4B-00C04F79EFBC}") = "NumberArrays", "NumberArrays\NumberArrays.csproj", "{71029D22-1C04-48C9-96F1-2987E3746798}"
EndProject
Project("{FAE04EC0-301F-11D3-BF4B-00C04F79EFBC}") = "RandomElement", "RandomElement\RandomElement.csproj", "{4C5B45E6-084A-4F21-ADAE-F57E6037792E}"
EndProject
Global
	GlobalSection(SolutionConfigurationPlatforms) = preSolution
		Debug|Any CPU = Debug|Any CPU
		Release|Any CPU = Release|Any CPU
	EndGlobalSection
	GlobalSection(ProjectConfigurationPlatforms) = postSolution
		{5E1947A3-A8E9-4B6C-BC45-E47A15211492}.Debug|Any CPU.ActiveCfg = Debug|Any CPU
		{5E1947A3-A8E9-4B6C-BC45-E47A15211492}.Debug|Any CPU.Build.0 = Debug|Any CPU
		{5E1947A3-A8E9-4B6C-BC45-E47A15211492}.Release|Any CPU.ActiveCfg = Release|Any CPU
		{5E1947A3-A8E9-4B6C-BC45-E47A15211492}.Release|Any CPU.Build.0 = Release|Any CPU
		{4266869E-4724-4048-9C7F-06C3BBAACAB7}.Debug|Any CPU.ActiveCfg = Debug|Any CPU
		{4266869E-4724-4048-9C7F-06C3BBAACAB7}.Debug|Any CPU.Build.0 = Debug|Any CPU
		{4266869E-4724-4048-9C7F-06C3BBAACAB7}.Release|Any CPU.ActiveCfg = Release|Any CPU
		{4266869E-4724-4048-9C7F-06C3BBAACAB7}.Release|Any CPU.Build.0 = Release|Any CPU
		{71029D22-1C04-48C9-96F1-2987E3746798}.Debug|Any CPU.ActiveCfg = Debug|Any CPU
		{71029D22-1C04-48C9-96F1-2987E3746798}.Debug|Any CPU.Build.0 = Debug|Any CPU
		{71029D22-1C04-48C9-96F1-2987E3746798}.Release|Any CPU.ActiveCfg = Release|Any CPU
		{71029D22-1C04-48C9-96F1-2987E3746798}.Release|Any CPU.Build.0 = Release|Any CPU
		{4C5B45E6-084A-4F21-ADAE-F57E6037792E}.Debug|Any CPU.ActiveCfg = Debug|Any CPU
		{4C5B45E6-084A-4F21-ADAE-F57E6037792E}.Debug|Any CPU.Build.0 = Debug|Any CPU
		{4C5B45E6-084A-4F21-ADAE-F57E6037792E}.Release|Any CPU.ActiveCfg = Release|Any CPU
		{4C5B45E6-084A-4F21-ADAE-F57E6037792E}.Release|Any CPU.Build.0 = Release|Any CPU
	EndGlobalSection
	GlobalSection(SolutionProperties) = preSolution
		HideSolutionNode = FALSE
	EndGlobalSection
	GlobalSection(ExtensibilityGlobals) = postSolution
		SolutionGuid = {0A93FAD7-CD85-40CD-91ED-B7420F1B9BD1}
	EndGlobalSection
EndGlobal
